
Microsoft Visual Studio Solution File, Format Version 12.00
# Visual Studio 2012
Project("{FAE04EC0-301F-11D3-BF4B-00C04F79EFBC}") = "Бойцовский клуб", "Бойцовский клуб\Бойцовский клуб.csproj", "{123A4DE8-BA6B-496C-A25A-4DD70A11D227}"
EndProject
Global
	GlobalSection(SolutionConfigurationPlatforms) = preSolution
		Debug|Any CPU = Debug|Any CPU
		Release|Any CPU = Release|Any CPU
	EndGlobalSection
	GlobalSection(ProjectConfigurationPlatforms) = postSolution
		{123A4DE8-BA6B-496C-A25A-4DD70A11D227}.Debug|Any CPU.ActiveCfg = Debug|Any CPU
		{123A4DE8-BA6B-496C-A25A-4DD70A11D227}.Debug|Any CPU.Build.0 = Debug|Any CPU
		{123A4DE8-BA6B-496C-A25A-4DD70A11D227}.Release|Any CPU.ActiveCfg = Release|Any CPU
		{123A4DE8-BA6B-496C-A25A-4DD70A11D227}.Release|Any CPU.Build.0 = Release|Any CPU
	EndGlobalSection
	GlobalSection(SolutionProperties) = preSolution
		HideSolutionNode = FALSE
	EndGlobalSection
EndGlobal
